{
  "name": "rednafi.com",
  "lockfileVersion": 3,
  "requires": true,
  "packages": {
    "": {
      "dependencies": {
        "@antonz/codapi": "^0.7.1"
      }
    },
    "node_modules/@antonz/codapi": {
      "version": "0.7.1",
      "resolved": "https://registry.npmjs.org/@antonz/codapi/-/codapi-0.7.1.tgz",
      "integrity": "sha512-MC7N4utt6Lpcw+3sU1icBe28m3eRGDzKWCtgYkw6znGekiHPrP7tzQnbdc4t5pI9ldwV7LR5sQEA+nSatg3/wA=="
    }
  }
}
